
Microsoft Visual Studio Solution File, Format Version 12.00
# Visual Studio Version 17
VisualStudioVersion = 17.11.35312.102
MinimumVisualStudioVersion = 10.0.40219.1
Project("{9A19103F-16F7-4668-BE54-9A1E7A4F7556}") = "PhoneFileTransfer", "PhoneFileTransfer.csproj", "{28A6600B-4627-4C76-A0DC-D9C81C0FF830}"
EndProject
Global
	GlobalSection(SolutionConfigurationPlatforms) = preSolution
		Debug|Any CPU = Debug|Any CPU
		Release|Any CPU = Release|Any CPU
	EndGlobalSection
	GlobalSection(ProjectConfigurationPlatforms) = postSolution
		{28A6600B-4627-4C76-A0DC-D9C81C0FF830}.Debug|Any CPU.ActiveCfg = Debug|Any CPU
		{28A6600B-4627-4C76-A0DC-D9C81C0FF830}.Debug|Any CPU.Build.0 = Debug|Any CPU
		{28A6600B-4627-4C76-A0DC-D9C81C0FF830}.Release|Any CPU.ActiveCfg = Release|Any CPU
		{28A6600B-4627-4C76-A0DC-D9C81C0FF830}.Release|Any CPU.Build.0 = Release|Any CPU
	EndGlobalSection
	GlobalSection(SolutionProperties) = preSolution
		HideSolutionNode = FALSE
	EndGlobalSection
	GlobalSection(ExtensibilityGlobals) = postSolution
		SolutionGuid = {47A90695-77AC-4ED8-B9FE-7ED56B95CA1A}
	EndGlobalSection
EndGlobal
